<?xml version="1.0" encoding="utf-8"?>
<Project ToolsVersion="4.0" xmlns="http://schemas.microsoft.com/developer/msbuild/2003">
  <ItemGroup>
    <ClCompile Include="main.cpp" />
  </ItemGroup>
  <ItemGroup>
    <ClInclude Include="lab_geometry.hpp" />
    <ClInclude Include="lab_glut_support.hpp" />
    <ClInclude Include="lab_mesh_loader.hpp" />
    <ClInclude Include="lab_shader_loader.hpp" />
    <ClInclude Include="lab_glut.hpp" />
    <ClInclude Include="lab_texture_loader.hpp" />
    <ClInclude Include="Vector3D.h" />
  </ItemGroup>
  <ItemGroup>
    <None Include="shadere\shader_fragment_morocanos.glsl" />
    <None Include="shadere\shader_vertex_morocanos.glsl" />
    <None Include="shader_fragment_fix.glsl" />
    <None Include="shader_vertex_fix.glsl" />
    <None Include="shader_vertex_zambaret.glsl" />
    <None Include="shader_fragment_zambaret.glsl" />
    <None Include="shader_vertex_particle.glsl" />
    <None Include="shader_fragment_particle.glsl" />
  </ItemGroup>
</Project>